
Microsoft Visual Studio Solution File, Format Version 12.00
# Visual Studio Version 16
VisualStudioVersion = 16.0.31624.102
MinimumVisualStudioVersion = 10.0.40219.1
Project("{FAE04EC0-301F-11D3-BF4B-00C04F79EFBC}") = "WpfApp6", "WpfApp6\WpfApp6.csproj", "{6135833B-4EB8-45BE-AF04-76CD40E6C968}"
EndProject
Global
	GlobalSection(SolutionConfigurationPlatforms) = preSolution
		Debug|Any CPU = Debug|Any CPU
		Release|Any CPU = Release|Any CPU
	EndGlobalSection
	GlobalSection(ProjectConfigurationPlatforms) = postSolution
		{6135833B-4EB8-45BE-AF04-76CD40E6C968}.Debug|Any CPU.ActiveCfg = Debug|Any CPU
		{6135833B-4EB8-45BE-AF04-76CD40E6C968}.Debug|Any CPU.Build.0 = Debug|Any CPU
		{6135833B-4EB8-45BE-AF04-76CD40E6C968}.Release|Any CPU.ActiveCfg = Release|Any CPU
		{6135833B-4EB8-45BE-AF04-76CD40E6C968}.Release|Any CPU.Build.0 = Release|Any CPU
	EndGlobalSection
	GlobalSection(SolutionProperties) = preSolution
		HideSolutionNode = FALSE
	EndGlobalSection
	GlobalSection(ExtensibilityGlobals) = postSolution
		SolutionGuid = {8E5FC19E-9F4E-48B6-A03B-ABD013AD31D1}
	EndGlobalSection
EndGlobal
